
Microsoft Visual Studio Solution File, Format Version 12.00
# Visual Studio Version 17
VisualStudioVersion = 17.7.34031.279
MinimumVisualStudioVersion = 10.0.40219.1
Project("{FAE04EC0-301F-11D3-BF4B-00C04F79EFBC}") = "kalıtım_örnek", "kalıtım_örnek.csproj", "{646F9078-DA38-42B6-8CD0-BD080418451E}"
EndProject
Global
	GlobalSection(SolutionConfigurationPlatforms) = preSolution
		Debug|Any CPU = Debug|Any CPU
		Release|Any CPU = Release|Any CPU
	EndGlobalSection
	GlobalSection(ProjectConfigurationPlatforms) = postSolution
		{646F9078-DA38-42B6-8CD0-BD080418451E}.Debug|Any CPU.ActiveCfg = Debug|Any CPU
		{646F9078-DA38-42B6-8CD0-BD080418451E}.Debug|Any CPU.Build.0 = Debug|Any CPU
		{646F9078-DA38-42B6-8CD0-BD080418451E}.Release|Any CPU.ActiveCfg = Release|Any CPU
		{646F9078-DA38-42B6-8CD0-BD080418451E}.Release|Any CPU.Build.0 = Release|Any CPU
	EndGlobalSection
	GlobalSection(SolutionProperties) = preSolution
		HideSolutionNode = FALSE
	EndGlobalSection
	GlobalSection(ExtensibilityGlobals) = postSolution
		SolutionGuid = {F8B4F89F-DBB0-474E-A446-0A8E517EDD8D}
	EndGlobalSection
EndGlobal
